// !$*UTF8*$!
{
	archiveVersion = 1;
	classes = {
	};
	objectVersion = 56;
	objects = {

/* Begin PBXBuildFile section */
		3F484C0B29DADAFB00B0DCF9 /* MoonShotApp.swift in Sources */ = {isa = PBXBuildFile; fileRef = 3F484C0A29DADAFB00B0DCF9 /* MoonShotApp.swift */; };
		3F484C0D29DADAFB00B0DCF9 /* ContentView.swift in Sources */ = {isa = PBXBuildFile; fileRef = 3F484C0C29DADAFB00B0DCF9 /* ContentView.swift */; };
		3F484C0F29DADAFD00B0DCF9 /* Assets.xcassets in Resources */ = {isa = PBXBuildFile; fileRef = 3F484C0E29DADAFD00B0DCF9 /* Assets.xcassets */; };
		3F484C1229DADAFD00B0DCF9 /* Preview Assets.xcassets in Resources */ = {isa = PBXBuildFile; fileRef = 3F484C1129DADAFD00B0DCF9 /* Preview Assets.xcassets */; };
		3F484C1929DADB4600B0DCF9 /* astronauts.json in Resources */ = {isa = PBXBuildFile; fileRef = 3F484C1829DADB4600B0DCF9 /* astronauts.json */; };
		3F484C1B29DADB5500B0DCF9 /* missions.json in Resources */ = {isa = PBXBuildFile; fileRef = 3F484C1A29DADB5500B0DCF9 /* missions.json */; };
		3F484C1D29DADC4E00B0DCF9 /* Astronaut.swift in Sources */ = {isa = PBXBuildFile; fileRef = 3F484C1C29DADC4E00B0DCF9 /* Astronaut.swift */; };
		3F484C1F29DADD0200B0DCF9 /* Bundle-Decodable.swift in Sources */ = {isa = PBXBuildFile; fileRef = 3F484C1E29DADD0200B0DCF9 /* Bundle-Decodable.swift */; };
		3F484C2129DAE2A500B0DCF9 /* Mission.swift in Sources */ = {isa = PBXBuildFile; fileRef = 3F484C2029DAE2A500B0DCF9 /* Mission.swift */; };
		3FD597A529DBFD850009731A /* Color-Theme.swift in Sources */ = {isa = PBXBuildFile; fileRef = 3FD597A429DBFD850009731A /* Color-Theme.swift */; };
		3FD597A729DBFFD50009731A /* MissionView.swift in Sources */ = {isa = PBXBuildFile; fileRef = 3FD597A629DBFFD50009731A /* MissionView.swift */; };
/* End PBXBuildFile section */

/* Begin PBXFileReference section */
		3F484C0729DADAFB00B0DCF9 /* MoonShot.app */ = {isa = PBXFileReference; explicitFileType = wrapper.application; includeInIndex = 0; path = MoonShot.app; sourceTree = BUILT_PRODUCTS_DIR; };
		3F484C0A29DADAFB00B0DCF9 /* MoonShotApp.swift */ = {isa = PBXFileReference; lastKnownFileType = sourcecode.swift; path = MoonShotApp.swift; sourceTree = "<group>"; };
		3F484C0C29DADAFB00B0DCF9 /* ContentView.swift */ = {isa = PBXFileReference; lastKnownFileType = sourcecode.swift; path = ContentView.swift; sourceTree = "<group>"; };
		3F484C0E29DADAFD00B0DCF9 /* Assets.xcassets */ = {isa = PBXFileReference; lastKnownFileType = folder.assetcatalog; path = Assets.xcassets; sourceTree = "<group>"; };
		3F484C1129DADAFD00B0DCF9 /* Preview Assets.xcassets */ = {isa = PBXFileReference; lastKnownFileType = folder.assetcatalog; path = "Preview Assets.xcassets"; sourceTree = "<group>"; };
		3F484C1829DADB4600B0DCF9 /* astronauts.json */ = {isa = PBXFileReference; fileEncoding = 4; lastKnownFileType = text.json; path = astronauts.json; sourceTree = "<group>"; };
		3F484C1A29DADB5500B0DCF9 /* missions.json */ = {isa = PBXFileReference; fileEncoding = 4; lastKnownFileType = text.json; path = missions.json; sourceTree = "<group>"; };
		3F484C1C29DADC4E00B0DCF9 /* Astronaut.swift */ = {isa = PBXFileReference; lastKnownFileType = sourcecode.swift; path = Astronaut.swift; sourceTree = "<group>"; };
		3F484C1E29DADD0200B0DCF9 /* Bundle-Decodable.swift */ = {isa = PBXFileReference; lastKnownFileType = sourcecode.swift; path = "Bundle-Decodable.swift"; sourceTree = "<group>"; };
		3F484C2029DAE2A500B0DCF9 /* Mission.swift */ = {isa = PBXFileReference; lastKnownFileType = sourcecode.swift; path = Mission.swift; sourceTree = "<group>"; };
		3FD597A429DBFD850009731A /* Color-Theme.swift */ = {isa = PBXFileReference; lastKnownFileType = sourcecode.swift; path = "Color-Theme.swift"; sourceTree = "<group>"; };
		3FD597A629DBFFD50009731A /* MissionView.swift */ = {isa = PBXFileReference; lastKnownFileType = sourcecode.swift; path = MissionView.swift; sourceTree = "<group>"; };
/* End PBXFileReference section */

/* Begin PBXFrameworksBuildPhase section */
		3F484C0429DADAFB00B0DCF9 /* Frameworks */ = {
			isa = PBXFrameworksBuildPhase;
			buildActionMask = 2147483647;
			files = (
			);
			runOnlyForDeploymentPostprocessing = 0;
		};
/* End PBXFrameworksBuildPhase section */

/* Begin PBXGroup section */
		3F484BFE29DADAFB00B0DCF9 = {
			isa = PBXGroup;
			children = (
				3F484C0929DADAFB00B0DCF9 /* MoonShot */,
				3F484C0829DADAFB00B0DCF9 /* Products */,
			);
			sourceTree = "<group>";
		};
		3F484C0829DADAFB00B0DCF9 /* Products */ = {
			isa = PBXGroup;
			children = (
				3F484C0729DADAFB00B0DCF9 /* MoonShot.app */,
			);
			name = Products;
			sourceTree = "<group>";
		};
		3F484C0929DADAFB00B0DCF9 /* MoonShot */ = {
			isa = PBXGroup;
			children = (
				3F484C0A29DADAFB00B0DCF9 /* MoonShotApp.swift */,
				3F484C0C29DADAFB00B0DCF9 /* ContentView.swift */,
				3F484C2029DAE2A500B0DCF9 /* Mission.swift */,
				3F484C1829DADB4600B0DCF9 /* astronauts.json */,
				3F484C1A29DADB5500B0DCF9 /* missions.json */,
				3FD597A429DBFD850009731A /* Color-Theme.swift */,
				3FD597A629DBFFD50009731A /* MissionView.swift */,
				3F484C1C29DADC4E00B0DCF9 /* Astronaut.swift */,
				3F484C1E29DADD0200B0DCF9 /* Bundle-Decodable.swift */,
				3F484C0E29DADAFD00B0DCF9 /* Assets.xcassets */,
				3F484C1029DADAFD00B0DCF9 /* Preview Content */,
			);
			path = MoonShot;
			sourceTree = "<group>";
		};
		3F484C1029DADAFD00B0DCF9 /* Preview Content */ = {
			isa = PBXGroup;
			children = (
				3F484C1129DADAFD00B0DCF9 /* Preview Assets.xcassets */,
			);
			path = "Preview Content";
			sourceTree = "<group>";
		};
/* End PBXGroup section */

/* Begin PBXNativeTarget section */
		3F484C0629DADAFB00B0DCF9 /* MoonShot */ = {
			isa = PBXNativeTarget;
			buildConfigurationList = 3F484C1529DADAFD00B0DCF9 /* Build configuration list for PBXNativeTarget "MoonShot" */;
			buildPhases = (
				3F484C0329DADAFB00B0DCF9 /* Sources */,
				3F484C0429DADAFB00B0DCF9 /* Frameworks */,
				3F484C0529DADAFB00B0DCF9 /* Resources */,
			);
			buildRules = (
			);
			dependencies = (
			);
			name = MoonShot;
			productName = MoonShot;
			productReference = 3F484C0729DADAFB00B0DCF9 /* MoonShot.app */;
			productType = "com.apple.product-type.application";
		};
/* End PBXNativeTarget section */

/* Begin PBXProject section */
		3F484BFF29DADAFB00B0DCF9 /* Project object */ = {
			isa = PBXProject;
			attributes = {
				BuildIndependentTargetsInParallel = 1;
				LastSwiftUpdateCheck = 1420;
				LastUpgradeCheck = 1420;
				TargetAttributes = {
					3F484C0629DADAFB00B0DCF9 = {
						CreatedOnToolsVersion = 14.2;
					};
				};
			};
			buildConfigurationList = 3F484C0229DADAFB00B0DCF9 /* Build configuration list for PBXProject "MoonShot" */;
			compatibilityVersion = "Xcode 14.0";
			developmentRegion = en;
			hasScannedForEncodings = 0;
			knownRegions = (
				en,
				Base,
			);
			mainGroup = 3F484BFE29DADAFB00B0DCF9;
			productRefGroup = 3F484C0829DADAFB00B0DCF9 /* Products */;
			projectDirPath = "";
			projectRoot = "";
			targets = (
				3F484C0629DADAFB00B0DCF9 /* MoonShot */,
			);
		};
/* End PBXProject section */

/* Begin PBXResourcesBuildPhase section */
		3F484C0529DADAFB00B0DCF9 /* Resources */ = {
			isa = PBXResourcesBuildPhase;
			buildActionMask = 2147483647;
			files = (
				3F484C1929DADB4600B0DCF9 /* astronauts.json in Resources */,
				3F484C1229DADAFD00B0DCF9 /* Preview Assets.xcassets in Resources */,
				3F484C1B29DADB5500B0DCF9 /* missions.json in Resources */,
				3F484C0F29DADAFD00B0DCF9 /* Assets.xcassets in Resources */,
			);
			runOnlyForDeploymentPostprocessing = 0;
		};
/* End PBXResourcesBuildPhase section */

/* Begin PBXSourcesBuildPhase section */
		3F484C0329DADAFB00B0DCF9 /* Sources */ = {
			isa = PBXSourcesBuildPhase;
			buildActionMask = 2147483647;
			files = (
				3FD597A729DBFFD50009731A /* MissionView.swift in Sources */,
				3F484C0D29DADAFB00B0DCF9 /* ContentView.swift in Sources */,
				3FD597A529DBFD850009731A /* Color-Theme.swift in Sources */,
				3F484C1D29DADC4E00B0DCF9 /* Astronaut.swift in Sources */,
				3F484C0B29DADAFB00B0DCF9 /* MoonShotApp.swift in Sources */,
				3F484C2129DAE2A500B0DCF9 /* Mission.swift in Sources */,
				3F484C1F29DADD0200B0DCF9 /* Bundle-Decodable.swift in Sources */,
			);
			runOnlyForDeploymentPostprocessing = 0;
		};
/* End PBXSourcesBuildPhase section */

/* Begin XCBuildConfiguration section */
		3F484C1329DADAFD00B0DCF9 /* Debug */ = {
			isa = XCBuildConfiguration;
			buildSettings = {
				ALWAYS_SEARCH_USER_PATHS = NO;
				CLANG_ANALYZER_NONNULL = YES;
				CLANG_ANALYZER_NUMBER_OBJECT_CONVERSION = YES_AGGRESSIVE;
				CLANG_CXX_LANGUAGE_STANDARD = "gnu++20";
				CLANG_ENABLE_MODULES = YES;
				CLANG_ENABLE_OBJC_ARC = YES;
				CLANG_ENABLE_OBJC_WEAK = YES;
				CLANG_WARN_BLOCK_CAPTURE_AUTORELEASING = YES;
				CLANG_WARN_BOOL_CONVERSION = YES;
				CLANG_WARN_COMMA = YES;
				CLANG_WARN_CONSTANT_CONVERSION = YES;
				CLANG_WARN_DEPRECATED_OBJC_IMPLEMENTATIONS = YES;
				CLANG_WARN_DIRECT_OBJC_ISA_USAGE = YES_ERROR;
				CLANG_WARN_DOCUMENTATION_COMMENTS = YES;
				CLANG_WARN_EMPTY_BODY = YES;
				CLANG_WARN_ENUM_CONVERSION = YES;
				CLANG_WARN_INFINITE_RECURSION = YES;
				CLANG_WARN_INT_CONVERSION = YES;
				CLANG_WARN_NON_LITERAL_NULL_CONVERSION = YES;
				CLANG_WARN_OBJC_IMPLICIT_RETAIN_SELF = YES;
				CLANG_WARN_OBJC_LITERAL_CONVERSION = YES;
				CLANG_WARN_OBJC_ROOT_CLASS = YES_ERROR;
				CLANG_WARN_QUOTED_INCLUDE_IN_FRAMEWORK_HEADER = YES;
				CLANG_WARN_RANGE_LOOP_ANALYSIS = YES;
				CLANG_WARN_STRICT_PROTOTYPES = YES;
				CLANG_WARN_SUSPICIOUS_MOVE = YES;
				CLANG_WARN_UNGUARDED_AVAILABILITY = YES_AGGRESSIVE;
				CLANG_WARN_UNREACHABLE_CODE = YES;
				CLANG_WARN__DUPLICATE_METHOD_MATCH = YES;
				COPY_PHASE_STRIP = NO;
				DEBUG_INFORMATION_FORMAT = dwarf;
				ENABLE_STRICT_OBJC_MSGSEND = YES;
				ENABLE_TESTABILITY = YES;
				GCC_C_LANGUAGE_STANDARD = gnu11;
				GCC_DYNAMIC_NO_PIC = NO;
				GCC_NO_COMMON_BLOCKS = YES;
				GCC_OPTIMIZATION_LEVEL = 0;
				GCC_PREPROCESSOR_DEFINITIONS = (
					"DEBUG=1",
					"$(inherited)",
				);
				GCC_WARN_64_TO_32_BIT_CONVERSION = YES;
				GCC_WARN_ABOUT_RETURN_TYPE = YES_ERROR;
				GCC_WARN_UNDECLARED_SELECTOR = YES;
				GCC_WARN_UNINITIALIZED_AUTOS = YES_AGGRESSIVE;
				GCC_WARN_UNUSED_FUNCTION = YES;
				GCC_WARN_UNUSED_VARIABLE = YES;
				IPHONEOS_DEPLOYMENT_TARGET = 16.2;
				MTL_ENABLE_DEBUG_INFO = INCLUDE_SOURCE;
				MTL_FAST_MATH = YES;
				ONLY_ACTIVE_ARCH = YES;
				SDKROOT = iphoneos;
				SWIFT_ACTIVE_COMPILATION_CONDITIONS = DEBUG;
				SWIFT_OPTIMIZATION_LEVEL = "-Onone";
			};
			name = Debug;
		};
		3F484C1429DADAFD00B0DCF9 /* Release */ = {
			isa = XCBuildConfiguration;
			buildSettings = {
				ALWAYS_SEARCH_USER_PATHS = NO;
				CLANG_ANALYZER_NONNULL = YES;
				CLANG_ANALYZER_NUMBER_OBJECT_CONVERSION = YES_AGGRESSIVE;
				CLANG_CXX_LANGUAGE_STANDARD = "gnu++20";
				CLANG_ENABLE_MODULES = YES;
				CLANG_ENABLE_OBJC_ARC = YES;
				CLANG_ENABLE_OBJC_WEAK = YES;
				CLANG_WARN_BLOCK_CAPTURE_AUTORELEASING = YES;
				CLANG_WARN_BOOL_CONVERSION = YES;
				CLANG_WARN_COMMA = YES;
				CLANG_WARN_CONSTANT_CONVERSION = YES;
				CLANG_WARN_DEPRECATED_OBJC_IMPLEMENTATIONS = YES;
				CLANG_WARN_DIRECT_OBJC_ISA_USAGE = YES_ERROR;
				CLANG_WARN_DOCUMENTATION_COMMENTS = YES;
				CLANG_WARN_EMPTY_BODY = YES;
				CLANG_WARN_ENUM_CONVERSION = YES;
				CLANG_WARN_INFINITE_RECURSION = YES;
				CLANG_WARN_INT_CONVERSION = YES;
				CLANG_WARN_NON_LITERAL_NULL_CONVERSION = YES;
				CLANG_WARN_OBJC_IMPLICIT_RETAIN_SELF = YES;
				CLANG_WARN_OBJC_LITERAL_CONVERSION = YES;
				CLANG_WARN_OBJC_ROOT_CLASS = YES_ERROR;
				CLANG_WARN_QUOTED_INCLUDE_IN_FRAMEWORK_HEADER = YES;
				CLANG_WARN_RANGE_LOOP_ANALYSIS = YES;
				CLANG_WARN_STRICT_PROTOTYPES = YES;
				CLANG_WARN_SUSPICIOUS_MOVE = YES;
				CLANG_WARN_UNGUARDED_AVAILABILITY = YES_AGGRESSIVE;
				CLANG_WARN_UNREACHABLE_CODE = YES;
				CLANG_WARN__DUPLICATE_METHOD_MATCH = YES;
				COPY_PHASE_STRIP = NO;
				DEBUG_INFORMATION_FORMAT = "dwarf-with-dsym";
				ENABLE_NS_ASSERTIONS = NO;
				ENABLE_STRICT_OBJC_MSGSEND = YES;
				GCC_C_LANGUAGE_STANDARD = gnu11;
				GCC_NO_COMMON_BLOCKS = YES;
				GCC_WARN_64_TO_32_BIT_CONVERSION = YES;
				GCC_WARN_ABOUT_RETURN_TYPE = YES_ERROR;
				GCC_WARN_UNDECLARED_SELECTOR = YES;
				GCC_WARN_UNINITIALIZED_AUTOS = YES_AGGRESSIVE;
				GCC_WARN_UNUSED_FUNCTION = YES;
				GCC_WARN_UNUSED_VARIABLE = YES;
				IPHONEOS_DEPLOYMENT_TARGET = 16.2;
				MTL_ENABLE_DEBUG_INFO = NO;
				MTL_FAST_MATH = YES;
				SDKROOT = iphoneos;
				SWIFT_COMPILATION_MODE = wholemodule;
				SWIFT_OPTIMIZATION_LEVEL = "-O";
				VALIDATE_PRODUCT = YES;
			};
			name = Release;
		};
		3F484C1629DADAFD00B0DCF9 /* Debug */ = {
			isa = XCBuildConfiguration;
			buildSettings = {
				ASSETCATALOG_COMPILER_APPICON_NAME = AppIcon;
				ASSETCATALOG_COMPILER_GLOBAL_ACCENT_COLOR_NAME = AccentColor;
				CODE_SIGN_STYLE = Automatic;
				CURRENT_PROJECT_VERSION = 1;
				DEVELOPMENT_ASSET_PATHS = "\"MoonShot/Preview Content\"";
				DEVELOPMENT_TEAM = DN6L97BACN;
				ENABLE_PREVIEWS = YES;
				GENERATE_INFOPLIST_FILE = YES;
				INFOPLIST_KEY_UIApplicationSceneManifest_Generation = YES;
				INFOPLIST_KEY_UIApplicationSupportsIndirectInputEvents = YES;
				INFOPLIST_KEY_UILaunchScreen_Generation = YES;
				INFOPLIST_KEY_UISupportedInterfaceOrientations_iPad = "UIInterfaceOrientationPortrait UIInterfaceOrientationPortraitUpsideDown UIInterfaceOrientationLandscapeLeft UIInterfaceOrientationLandscapeRight";
				INFOPLIST_KEY_UISupportedInterfaceOrientations_iPhone = "UIInterfaceOrientationPortrait UIInterfaceOrientationLandscapeLeft UIInterfaceOrientationLandscapeRight";
				LD_RUNPATH_SEARCH_PATHS = (
					"$(inherited)",
					"@executable_path/Frameworks",
				);
				MARKETING_VERSION = 1.0;
				PRODUCT_BUNDLE_IDENTIFIER = com.mubashir.MoonShot;
				PRODUCT_NAME = "$(TARGET_NAME)";
				SWIFT_EMIT_LOC_STRINGS = YES;
				SWIFT_VERSION = 5.0;
				TARGETED_DEVICE_FAMILY = "1,2";
			};
			name = Debug;
		};
		3F484C1729DADAFD00B0DCF9 /* Release */ = {
			isa = XCBuildConfiguration;
			buildSettings = {
				ASSETCATALOG_COMPILER_APPICON_NAME = AppIcon;
				ASSETCATALOG_COMPILER_GLOBAL_ACCENT_COLOR_NAME = AccentColor;
				CODE_SIGN_STYLE = Automatic;
				CURRENT_PROJECT_VERSION = 1;
				DEVELOPMENT_ASSET_PATHS = "\"MoonShot/Preview Content\"";
				DEVELOPMENT_TEAM = DN6L97BACN;
				ENABLE_PREVIEWS = YES;
				GENERATE_INFOPLIST_FILE = YES;
				INFOPLIST_KEY_UIApplicationSceneManifest_Generation = YES;
				INFOPLIST_KEY_UIApplicationSupportsIndirectInputEvents = YES;
				INFOPLIST_KEY_UILaunchScreen_Generation = YES;
				INFOPLIST_KEY_UISupportedInterfaceOrientations_iPad = "UIInterfaceOrientationPortrait UIInterfaceOrientationPortraitUpsideDown UIInterfaceOrientationLandscapeLeft UIInterfaceOrientationLandscapeRight";
				INFOPLIST_KEY_UISupportedInterfaceOrientations_iPhone = "UIInterfaceOrientationPortrait UIInterfaceOrientationLandscapeLeft UIInterfaceOrientationLandscapeRight";
				LD_RUNPATH_SEARCH_PATHS = (
					"$(inherited)",
					"@executable_path/Frameworks",
				);
				MARKETING_VERSION = 1.0;
				PRODUCT_BUNDLE_IDENTIFIER = com.mubashir.MoonShot;
				PRODUCT_NAME = "$(TARGET_NAME)";
				SWIFT_EMIT_LOC_STRINGS = YES;
				SWIFT_VERSION = 5.0;
				TARGETED_DEVICE_FAMILY = "1,2";
			};
			name = Release;
		};
/* End XCBuildConfiguration section */

/* Begin XCConfigurationList section */
		3F484C0229DADAFB00B0DCF9 /* Build configuration list for PBXProject "MoonShot" */ = {
			isa = XCConfigurationList;
			buildConfigurations = (
				3F484C1329DADAFD00B0DCF9 /* Debug */,
				3F484C1429DADAFD00B0DCF9 /* Release */,
			);
			defaultConfigurationIsVisible = 0;
			defaultConfigurationName = Release;
		};
		3F484C1529DADAFD00B0DCF9 /* Build configuration list for PBXNativeTarget "MoonShot" */ = {
			isa = XCConfigurationList;
			buildConfigurations = (
				3F484C1629DADAFD00B0DCF9 /* Debug */,
				3F484C1729DADAFD00B0DCF9 /* Release */,
			);
			defaultConfigurationIsVisible = 0;
			defaultConfigurationName = Release;
		};
/* End XCConfigurationList section */
	};
	rootObject = 3F484BFF29DADAFB00B0DCF9 /* Project object */;
}
